{
  "pins" : [
    {
      "identity" : "anchorkit",
      "kind" : "remoteSourceControl",
      "location" : "https://github.com/Weebly/AnchorKit",
      "state" : {
        "branch" : "master",
        "revision" : "762a962213f7fb8cd55e4281a3a2536576a6f4d6"
      }
    },
    {
      "identity" : "snapkit",
      "kind" : "remoteSourceControl",
      "location" : "https://github.com/SnapKit/SnapKit",
      "state" : {
        "branch" : "develop",
        "revision" : "58320fe80522414bf3a7e24c88123581dc586752"
      }
    }
  ],
  "version" : 2
}
